// !$*UTF8*$!
{
	archiveVersion = 1;
	classes = {
	};
	objectVersion = 56;
	objects = {

/* Begin PBXBuildFile section */
		020D20C9290781DA00545563 /* ListNavDemoApp.swift in Sources */ = {isa = PBXBuildFile; fileRef = 020D20C8290781DA00545563 /* ListNavDemoApp.swift */; };
		020D20CB290781DA00545563 /* ContentView.swift in Sources */ = {isa = PBXBuildFile; fileRef = 020D20CA290781DA00545563 /* ContentView.swift */; };
		020D20CD290781DA00545563 /* Assets.xcassets in Resources */ = {isa = PBXBuildFile; fileRef = 020D20CC290781DA00545563 /* Assets.xcassets */; };
		020D20D0290781DA00545563 /* Preview Assets.xcassets in Resources */ = {isa = PBXBuildFile; fileRef = 020D20CF290781DA00545563 /* Preview Assets.xcassets */; };
		020D20DB290782F100545563 /* CarAssets.xcassets in Resources */ = {isa = PBXBuildFile; fileRef = 020D20DA290782F100545563 /* CarAssets.xcassets */; };
		020D20DD290783F900545563 /* CarData.swift in Sources */ = {isa = PBXBuildFile; fileRef = 020D20DC290783F900545563 /* CarData.swift */; };
		020D20E72907973300545563 /* CarStore.swift in Sources */ = {isa = PBXBuildFile; fileRef = 020D20E62907973300545563 /* CarStore.swift */; };
		020D20E9290798A200545563 /* carData.json in Resources */ = {isa = PBXBuildFile; fileRef = 020D20E8290798A100545563 /* carData.json */; };
		020D20EB29079ACE00545563 /* CarDetail.swift in Sources */ = {isa = PBXBuildFile; fileRef = 020D20EA29079ACE00545563 /* CarDetail.swift */; };
		020D20ED29079EF900545563 /* AddNewCar.swift in Sources */ = {isa = PBXBuildFile; fileRef = 020D20EC29079EF900545563 /* AddNewCar.swift */; };
		020D20EF2907B6E400545563 /* Car.swift in Sources */ = {isa = PBXBuildFile; fileRef = 020D20EE2907B6E400545563 /* Car.swift */; };
/* End PBXBuildFile section */

/* Begin PBXFileReference section */
		020D20C5290781DA00545563 /* ListNavDemo.app */ = {isa = PBXFileReference; explicitFileType = wrapper.application; includeInIndex = 0; path = ListNavDemo.app; sourceTree = BUILT_PRODUCTS_DIR; };
		020D20C8290781DA00545563 /* ListNavDemoApp.swift */ = {isa = PBXFileReference; lastKnownFileType = sourcecode.swift; path = ListNavDemoApp.swift; sourceTree = "<group>"; };
		020D20CA290781DA00545563 /* ContentView.swift */ = {isa = PBXFileReference; lastKnownFileType = sourcecode.swift; path = ContentView.swift; sourceTree = "<group>"; };
		020D20CC290781DA00545563 /* Assets.xcassets */ = {isa = PBXFileReference; lastKnownFileType = folder.assetcatalog; path = Assets.xcassets; sourceTree = "<group>"; };
		020D20CF290781DA00545563 /* Preview Assets.xcassets */ = {isa = PBXFileReference; lastKnownFileType = folder.assetcatalog; path = "Preview Assets.xcassets"; sourceTree = "<group>"; };
		020D20DA290782F100545563 /* CarAssets.xcassets */ = {isa = PBXFileReference; lastKnownFileType = folder.assetcatalog; path = CarAssets.xcassets; sourceTree = "<group>"; };
		020D20DC290783F900545563 /* CarData.swift */ = {isa = PBXFileReference; lastKnownFileType = sourcecode.swift; path = CarData.swift; sourceTree = "<group>"; };
		020D20E62907973300545563 /* CarStore.swift */ = {isa = PBXFileReference; lastKnownFileType = sourcecode.swift; path = CarStore.swift; sourceTree = "<group>"; };
		020D20E8290798A100545563 /* carData.json */ = {isa = PBXFileReference; fileEncoding = 4; lastKnownFileType = text.json; path = carData.json; sourceTree = "<group>"; };
		020D20EA29079ACE00545563 /* CarDetail.swift */ = {isa = PBXFileReference; lastKnownFileType = sourcecode.swift; path = CarDetail.swift; sourceTree = "<group>"; };
		020D20EC29079EF900545563 /* AddNewCar.swift */ = {isa = PBXFileReference; lastKnownFileType = sourcecode.swift; path = AddNewCar.swift; sourceTree = "<group>"; };
		020D20EE2907B6E400545563 /* Car.swift */ = {isa = PBXFileReference; lastKnownFileType = sourcecode.swift; path = Car.swift; sourceTree = "<group>"; };
/* End PBXFileReference section */

/* Begin PBXFrameworksBuildPhase section */
		020D20C2290781DA00545563 /* Frameworks */ = {
			isa = PBXFrameworksBuildPhase;
			buildActionMask = 2147483647;
			files = (
			);
			runOnlyForDeploymentPostprocessing = 0;
		};
/* End PBXFrameworksBuildPhase section */

/* Begin PBXGroup section */
		020D20BC290781DA00545563 = {
			isa = PBXGroup;
			children = (
				020D20C7290781DA00545563 /* ListNavDemo */,
				020D20C6290781DA00545563 /* Products */,
			);
			sourceTree = "<group>";
		};
		020D20C6290781DA00545563 /* Products */ = {
			isa = PBXGroup;
			children = (
				020D20C5290781DA00545563 /* ListNavDemo.app */,
			);
			name = Products;
			sourceTree = "<group>";
		};
		020D20C7290781DA00545563 /* ListNavDemo */ = {
			isa = PBXGroup;
			children = (
				020D20C8290781DA00545563 /* ListNavDemoApp.swift */,
				020D20EE2907B6E400545563 /* Car.swift */,
				020D20DC290783F900545563 /* CarData.swift */,
				020D20CA290781DA00545563 /* ContentView.swift */,
				020D20E62907973300545563 /* CarStore.swift */,
				020D20EA29079ACE00545563 /* CarDetail.swift */,
				020D20EC29079EF900545563 /* AddNewCar.swift */,
				020D20E8290798A100545563 /* carData.json */,
				020D20CC290781DA00545563 /* Assets.xcassets */,
				020D20DA290782F100545563 /* CarAssets.xcassets */,
				020D20CE290781DA00545563 /* Preview Content */,
			);
			path = ListNavDemo;
			sourceTree = "<group>";
		};
		020D20CE290781DA00545563 /* Preview Content */ = {
			isa = PBXGroup;
			children = (
				020D20CF290781DA00545563 /* Preview Assets.xcassets */,
			);
			path = "Preview Content";
			sourceTree = "<group>";
		};
/* End PBXGroup section */

/* Begin PBXNativeTarget section */
		020D20C4290781DA00545563 /* ListNavDemo */ = {
			isa = PBXNativeTarget;
			buildConfigurationList = 020D20D3290781DA00545563 /* Build configuration list for PBXNativeTarget "ListNavDemo" */;
			buildPhases = (
				020D20C1290781DA00545563 /* Sources */,
				020D20C2290781DA00545563 /* Frameworks */,
				020D20C3290781DA00545563 /* Resources */,
			);
			buildRules = (
			);
			dependencies = (
			);
			name = ListNavDemo;
			productName = ListNavDemo;
			productReference = 020D20C5290781DA00545563 /* ListNavDemo.app */;
			productType = "com.apple.product-type.application";
		};
/* End PBXNativeTarget section */

/* Begin PBXProject section */
		020D20BD290781DA00545563 /* Project object */ = {
			isa = PBXProject;
			attributes = {
				BuildIndependentTargetsInParallel = 1;
				LastSwiftUpdateCheck = 1400;
				LastUpgradeCheck = 1400;
				TargetAttributes = {
					020D20C4290781DA00545563 = {
						CreatedOnToolsVersion = 14.0.1;
					};
				};
			};
			buildConfigurationList = 020D20C0290781DA00545563 /* Build configuration list for PBXProject "ListNavDemo" */;
			compatibilityVersion = "Xcode 14.0";
			developmentRegion = en;
			hasScannedForEncodings = 0;
			knownRegions = (
				en,
				Base,
			);
			mainGroup = 020D20BC290781DA00545563;
			productRefGroup = 020D20C6290781DA00545563 /* Products */;
			projectDirPath = "";
			projectRoot = "";
			targets = (
				020D20C4290781DA00545563 /* ListNavDemo */,
			);
		};
/* End PBXProject section */

/* Begin PBXResourcesBuildPhase section */
		020D20C3290781DA00545563 /* Resources */ = {
			isa = PBXResourcesBuildPhase;
			buildActionMask = 2147483647;
			files = (
				020D20E9290798A200545563 /* carData.json in Resources */,
				020D20D0290781DA00545563 /* Preview Assets.xcassets in Resources */,
				020D20CD290781DA00545563 /* Assets.xcassets in Resources */,
				020D20DB290782F100545563 /* CarAssets.xcassets in Resources */,
			);
			runOnlyForDeploymentPostprocessing = 0;
		};
/* End PBXResourcesBuildPhase section */

/* Begin PBXSourcesBuildPhase section */
		020D20C1290781DA00545563 /* Sources */ = {
			isa = PBXSourcesBuildPhase;
			buildActionMask = 2147483647;
			files = (
				020D20EB29079ACE00545563 /* CarDetail.swift in Sources */,
				020D20ED29079EF900545563 /* AddNewCar.swift in Sources */,
				020D20E72907973300545563 /* CarStore.swift in Sources */,
				020D20CB290781DA00545563 /* ContentView.swift in Sources */,
				020D20C9290781DA00545563 /* ListNavDemoApp.swift in Sources */,
				020D20EF2907B6E400545563 /* Car.swift in Sources */,
				020D20DD290783F900545563 /* CarData.swift in Sources */,
			);
			runOnlyForDeploymentPostprocessing = 0;
		};
/* End PBXSourcesBuildPhase section */

/* Begin XCBuildConfiguration section */
		020D20D1290781DA00545563 /* Debug */ = {
			isa = XCBuildConfiguration;
			buildSettings = {
				ALWAYS_SEARCH_USER_PATHS = NO;
				CLANG_ANALYZER_NONNULL = YES;
				CLANG_ANALYZER_NUMBER_OBJECT_CONVERSION = YES_AGGRESSIVE;
				CLANG_CXX_LANGUAGE_STANDARD = "gnu++20";
				CLANG_ENABLE_MODULES = YES;
				CLANG_ENABLE_OBJC_ARC = YES;
				CLANG_ENABLE_OBJC_WEAK = YES;
				CLANG_WARN_BLOCK_CAPTURE_AUTORELEASING = YES;
				CLANG_WARN_BOOL_CONVERSION = YES;
				CLANG_WARN_COMMA = YES;
				CLANG_WARN_CONSTANT_CONVERSION = YES;
				CLANG_WARN_DEPRECATED_OBJC_IMPLEMENTATIONS = YES;
				CLANG_WARN_DIRECT_OBJC_ISA_USAGE = YES_ERROR;
				CLANG_WARN_DOCUMENTATION_COMMENTS = YES;
				CLANG_WARN_EMPTY_BODY = YES;
				CLANG_WARN_ENUM_CONVERSION = YES;
				CLANG_WARN_INFINITE_RECURSION = YES;
				CLANG_WARN_INT_CONVERSION = YES;
				CLANG_WARN_NON_LITERAL_NULL_CONVERSION = YES;
				CLANG_WARN_OBJC_IMPLICIT_RETAIN_SELF = YES;
				CLANG_WARN_OBJC_LITERAL_CONVERSION = YES;
				CLANG_WARN_OBJC_ROOT_CLASS = YES_ERROR;
				CLANG_WARN_QUOTED_INCLUDE_IN_FRAMEWORK_HEADER = YES;
				CLANG_WARN_RANGE_LOOP_ANALYSIS = YES;
				CLANG_WARN_STRICT_PROTOTYPES = YES;
				CLANG_WARN_SUSPICIOUS_MOVE = YES;
				CLANG_WARN_UNGUARDED_AVAILABILITY = YES_AGGRESSIVE;
				CLANG_WARN_UNREACHABLE_CODE = YES;
				CLANG_WARN__DUPLICATE_METHOD_MATCH = YES;
				COPY_PHASE_STRIP = NO;
				DEBUG_INFORMATION_FORMAT = dwarf;
				ENABLE_STRICT_OBJC_MSGSEND = YES;
				ENABLE_TESTABILITY = YES;
				GCC_C_LANGUAGE_STANDARD = gnu11;
				GCC_DYNAMIC_NO_PIC = NO;
				GCC_NO_COMMON_BLOCKS = YES;
				GCC_OPTIMIZATION_LEVEL = 0;
				GCC_PREPROCESSOR_DEFINITIONS = (
					"DEBUG=1",
					"$(inherited)",
				);
				GCC_WARN_64_TO_32_BIT_CONVERSION = YES;
				GCC_WARN_ABOUT_RETURN_TYPE = YES_ERROR;
				GCC_WARN_UNDECLARED_SELECTOR = YES;
				GCC_WARN_UNINITIALIZED_AUTOS = YES_AGGRESSIVE;
				GCC_WARN_UNUSED_FUNCTION = YES;
				GCC_WARN_UNUSED_VARIABLE = YES;
				IPHONEOS_DEPLOYMENT_TARGET = 16.0;
				MTL_ENABLE_DEBUG_INFO = INCLUDE_SOURCE;
				MTL_FAST_MATH = YES;
				ONLY_ACTIVE_ARCH = YES;
				SDKROOT = iphoneos;
				SWIFT_ACTIVE_COMPILATION_CONDITIONS = DEBUG;
				SWIFT_OPTIMIZATION_LEVEL = "-Onone";
			};
			name = Debug;
		};
		020D20D2290781DA00545563 /* Release */ = {
			isa = XCBuildConfiguration;
			buildSettings = {
				ALWAYS_SEARCH_USER_PATHS = NO;
				CLANG_ANALYZER_NONNULL = YES;
				CLANG_ANALYZER_NUMBER_OBJECT_CONVERSION = YES_AGGRESSIVE;
				CLANG_CXX_LANGUAGE_STANDARD = "gnu++20";
				CLANG_ENABLE_MODULES = YES;
				CLANG_ENABLE_OBJC_ARC = YES;
				CLANG_ENABLE_OBJC_WEAK = YES;
				CLANG_WARN_BLOCK_CAPTURE_AUTORELEASING = YES;
				CLANG_WARN_BOOL_CONVERSION = YES;
				CLANG_WARN_COMMA = YES;
				CLANG_WARN_CONSTANT_CONVERSION = YES;
				CLANG_WARN_DEPRECATED_OBJC_IMPLEMENTATIONS = YES;
				CLANG_WARN_DIRECT_OBJC_ISA_USAGE = YES_ERROR;
				CLANG_WARN_DOCUMENTATION_COMMENTS = YES;
				CLANG_WARN_EMPTY_BODY = YES;
				CLANG_WARN_ENUM_CONVERSION = YES;
				CLANG_WARN_INFINITE_RECURSION = YES;
				CLANG_WARN_INT_CONVERSION = YES;
				CLANG_WARN_NON_LITERAL_NULL_CONVERSION = YES;
				CLANG_WARN_OBJC_IMPLICIT_RETAIN_SELF = YES;
				CLANG_WARN_OBJC_LITERAL_CONVERSION = YES;
				CLANG_WARN_OBJC_ROOT_CLASS = YES_ERROR;
				CLANG_WARN_QUOTED_INCLUDE_IN_FRAMEWORK_HEADER = YES;
				CLANG_WARN_RANGE_LOOP_ANALYSIS = YES;
				CLANG_WARN_STRICT_PROTOTYPES = YES;
				CLANG_WARN_SUSPICIOUS_MOVE = YES;
				CLANG_WARN_UNGUARDED_AVAILABILITY = YES_AGGRESSIVE;
				CLANG_WARN_UNREACHABLE_CODE = YES;
				CLANG_WARN__DUPLICATE_METHOD_MATCH = YES;
				COPY_PHASE_STRIP = NO;
				DEBUG_INFORMATION_FORMAT = "dwarf-with-dsym";
				ENABLE_NS_ASSERTIONS = NO;
				ENABLE_STRICT_OBJC_MSGSEND = YES;
				GCC_C_LANGUAGE_STANDARD = gnu11;
				GCC_NO_COMMON_BLOCKS = YES;
				GCC_WARN_64_TO_32_BIT_CONVERSION = YES;
				GCC_WARN_ABOUT_RETURN_TYPE = YES_ERROR;
				GCC_WARN_UNDECLARED_SELECTOR = YES;
				GCC_WARN_UNINITIALIZED_AUTOS = YES_AGGRESSIVE;
				GCC_WARN_UNUSED_FUNCTION = YES;
				GCC_WARN_UNUSED_VARIABLE = YES;
				IPHONEOS_DEPLOYMENT_TARGET = 16.0;
				MTL_ENABLE_DEBUG_INFO = NO;
				MTL_FAST_MATH = YES;
				SDKROOT = iphoneos;
				SWIFT_COMPILATION_MODE = wholemodule;
				SWIFT_OPTIMIZATION_LEVEL = "-O";
				VALIDATE_PRODUCT = YES;
			};
			name = Release;
		};
		020D20D4290781DA00545563 /* Debug */ = {
			isa = XCBuildConfiguration;
			buildSettings = {
				ASSETCATALOG_COMPILER_APPICON_NAME = AppIcon;
				ASSETCATALOG_COMPILER_GLOBAL_ACCENT_COLOR_NAME = AccentColor;
				CODE_SIGN_STYLE = Automatic;
				CURRENT_PROJECT_VERSION = 1;
				DEVELOPMENT_ASSET_PATHS = "\"ListNavDemo/Preview Content\"";
				DEVELOPMENT_TEAM = MK3P338UQW;
				ENABLE_PREVIEWS = YES;
				GENERATE_INFOPLIST_FILE = YES;
				INFOPLIST_KEY_UIApplicationSceneManifest_Generation = YES;
				INFOPLIST_KEY_UIApplicationSupportsIndirectInputEvents = YES;
				INFOPLIST_KEY_UILaunchScreen_Generation = YES;
				INFOPLIST_KEY_UISupportedInterfaceOrientations_iPad = "UIInterfaceOrientationPortrait UIInterfaceOrientationPortraitUpsideDown UIInterfaceOrientationLandscapeLeft UIInterfaceOrientationLandscapeRight";
				INFOPLIST_KEY_UISupportedInterfaceOrientations_iPhone = "UIInterfaceOrientationPortrait UIInterfaceOrientationLandscapeLeft UIInterfaceOrientationLandscapeRight";
				LD_RUNPATH_SEARCH_PATHS = (
					"$(inherited)",
					"@executable_path/Frameworks",
				);
				MARKETING_VERSION = 1.0;
				PRODUCT_BUNDLE_IDENTIFIER = jero.ListNavDemo;
				PRODUCT_NAME = "$(TARGET_NAME)";
				SWIFT_EMIT_LOC_STRINGS = YES;
				SWIFT_VERSION = 5.0;
				TARGETED_DEVICE_FAMILY = "1,2";
			};
			name = Debug;
		};
		020D20D5290781DA00545563 /* Release */ = {
			isa = XCBuildConfiguration;
			buildSettings = {
				ASSETCATALOG_COMPILER_APPICON_NAME = AppIcon;
				ASSETCATALOG_COMPILER_GLOBAL_ACCENT_COLOR_NAME = AccentColor;
				CODE_SIGN_STYLE = Automatic;
				CURRENT_PROJECT_VERSION = 1;
				DEVELOPMENT_ASSET_PATHS = "\"ListNavDemo/Preview Content\"";
				DEVELOPMENT_TEAM = MK3P338UQW;
				ENABLE_PREVIEWS = YES;
				GENERATE_INFOPLIST_FILE = YES;
				INFOPLIST_KEY_UIApplicationSceneManifest_Generation = YES;
				INFOPLIST_KEY_UIApplicationSupportsIndirectInputEvents = YES;
				INFOPLIST_KEY_UILaunchScreen_Generation = YES;
				INFOPLIST_KEY_UISupportedInterfaceOrientations_iPad = "UIInterfaceOrientationPortrait UIInterfaceOrientationPortraitUpsideDown UIInterfaceOrientationLandscapeLeft UIInterfaceOrientationLandscapeRight";
				INFOPLIST_KEY_UISupportedInterfaceOrientations_iPhone = "UIInterfaceOrientationPortrait UIInterfaceOrientationLandscapeLeft UIInterfaceOrientationLandscapeRight";
				LD_RUNPATH_SEARCH_PATHS = (
					"$(inherited)",
					"@executable_path/Frameworks",
				);
				MARKETING_VERSION = 1.0;
				PRODUCT_BUNDLE_IDENTIFIER = jero.ListNavDemo;
				PRODUCT_NAME = "$(TARGET_NAME)";
				SWIFT_EMIT_LOC_STRINGS = YES;
				SWIFT_VERSION = 5.0;
				TARGETED_DEVICE_FAMILY = "1,2";
			};
			name = Release;
		};
/* End XCBuildConfiguration section */

/* Begin XCConfigurationList section */
		020D20C0290781DA00545563 /* Build configuration list for PBXProject "ListNavDemo" */ = {
			isa = XCConfigurationList;
			buildConfigurations = (
				020D20D1290781DA00545563 /* Debug */,
				020D20D2290781DA00545563 /* Release */,
			);
			defaultConfigurationIsVisible = 0;
			defaultConfigurationName = Release;
		};
		020D20D3290781DA00545563 /* Build configuration list for PBXNativeTarget "ListNavDemo" */ = {
			isa = XCConfigurationList;
			buildConfigurations = (
				020D20D4290781DA00545563 /* Debug */,
				020D20D5290781DA00545563 /* Release */,
			);
			defaultConfigurationIsVisible = 0;
			defaultConfigurationName = Release;
		};
/* End XCConfigurationList section */
	};
	rootObject = 020D20BD290781DA00545563 /* Project object */;
}
